Microsoft Visual Studio Solution File, Format Version 11.00
# Visual Studio 2008

Project("{1732E666-740D-D3A0-92F1-254CF4665AA9}") = "CrossKeys-BUAA-VR", "Assembly-CSharp.csproj", "{21E724B3-CC1C-B12B-39DB-3F068B037C75}"
EndProject
Project("{1732E666-740D-D3A0-92F1-254CF4665AA9}") = "CrossKeys-BUAA-VR", "Assembly-CSharp-Editor.csproj", "{6B725428-3098-2773-E929-B96ECFA6CC63}"
EndProject
Global
	GlobalSection(SolutionConfigurationPlatforms) = preSolution
		Debug|Any CPU = Debug|Any CPU
		Release|Any CPU = Release|Any CPU
	EndGlobalSection
	GlobalSection(ProjectConfigurationPlatforms) = postSolution
		{21E724B3-CC1C-B12B-39DB-3F068B037C75}.Debug|Any CPU.ActiveCfg = Debug|Any CPU
		{21E724B3-CC1C-B12B-39DB-3F068B037C75}.Debug|Any CPU.Build.0 = Debug|Any CPU
		{21E724B3-CC1C-B12B-39DB-3F068B037C75}.Release|Any CPU.ActiveCfg = Release|Any CPU
		{21E724B3-CC1C-B12B-39DB-3F068B037C75}.Release|Any CPU.Build.0 = Release|Any CPU
		{6B725428-3098-2773-E929-B96ECFA6CC63}.Debug|Any CPU.ActiveCfg = Debug|Any CPU
		{6B725428-3098-2773-E929-B96ECFA6CC63}.Debug|Any CPU.Build.0 = Debug|Any CPU
		{6B725428-3098-2773-E929-B96ECFA6CC63}.Release|Any CPU.ActiveCfg = Release|Any CPU
		{6B725428-3098-2773-E929-B96ECFA6CC63}.Release|Any CPU.Build.0 = Release|Any CPU
	EndGlobalSection
	GlobalSection(SolutionProperties) = preSolution
		HideSolutionNode = FALSE
	EndGlobalSection
	GlobalSection(MonoDevelopProperties) = preSolution
		StartupItem = Assembly-CSharp.csproj
	EndGlobalSection
EndGlobal
